github.com/MikolajMGT/h264decoder v0.0.1 h1:Aykw6SlgoZZPHESErTy1qihDsoSBR8HOPWUVGkNl++c=
github.com/ailumiyana/goav-incr v0.1.0 h1:i86JudKqDSnqgyMkIcSjcqfFxMxqT2J+z6jMX5llQuY=
github.com/ailumiyana/goav-incr v0.1.0/go.mod h1:vE9FL56xPpmPygiA71OjUbbvTmXlMEiBLLICG3+z/yw=
gocv.io/x/gocv v0.22.0 h1:pv+tcjcoW/xsaM/nfrzMK5PEEHYe2ND/LQRoyBpgjsg=
gocv.io/x/gocv v0.22.0/go.mod h1:7Ju5KbPo+R85evmlhhKPVMwXtgDRNX/PtfVfbToSrLU=
